// !$*UTF8*$!
{
	archiveVersion = 1;
	classes = {
	};
	objectVersion = 56;
	objects = {

/* Begin PBXBuildFile section */
		C31382E92A7D309D003D4E0B /* StarterView.swift in Sources */ = {isa = PBXBuildFile; fileRef = C31382E82A7D309D003D4E0B /* StarterView.swift */; };
		C31382EB2A7D30E3003D4E0B /* MainView.swift in Sources */ = {isa = PBXBuildFile; fileRef = C31382EA2A7D30E3003D4E0B /* MainView.swift */; };
		C31382ED2A7D3100003D4E0B /* CartRacingView.swift in Sources */ = {isa = PBXBuildFile; fileRef = C31382EC2A7D3100003D4E0B /* CartRacingView.swift */; };
		C31382EF2A7D311D003D4E0B /* AwardsView.swift in Sources */ = {isa = PBXBuildFile; fileRef = C31382EE2A7D311D003D4E0B /* AwardsView.swift */; };
		C31382F12A7D3136003D4E0B /* GradientRectangles.swift in Sources */ = {isa = PBXBuildFile; fileRef = C31382F02A7D3136003D4E0B /* GradientRectangles.swift */; };
		C31382F32A7D315D003D4E0B /* PathView.swift in Sources */ = {isa = PBXBuildFile; fileRef = C31382F22A7D315D003D4E0B /* PathView.swift */; };
		C31382F52A7D3176003D4E0B /* CurvesView.swift in Sources */ = {isa = PBXBuildFile; fileRef = C31382F42A7D3176003D4E0B /* CurvesView.swift */; };
		C31382F72A7E130F003D4E0B /* SwiftBookThankYou.swift in Sources */ = {isa = PBXBuildFile; fileRef = C31382F62A7E130F003D4E0B /* SwiftBookThankYou.swift */; };
		C3B679432A59CC91007EA4F3 /* SwiftBookApp.swift in Sources */ = {isa = PBXBuildFile; fileRef = C3B679422A59CC91007EA4F3 /* SwiftBookApp.swift */; };
		C3B679472A59CC91007EA4F3 /* Assets.xcassets in Resources */ = {isa = PBXBuildFile; fileRef = C3B679462A59CC91007EA4F3 /* Assets.xcassets */; };
		C3B6794A2A59CC91007EA4F3 /* Preview Assets.xcassets in Resources */ = {isa = PBXBuildFile; fileRef = C3B679492A59CC91007EA4F3 /* Preview Assets.xcassets */; };
/* End PBXBuildFile section */

/* Begin PBXFileReference section */
		C31382E82A7D309D003D4E0B /* StarterView.swift */ = {isa = PBXFileReference; lastKnownFileType = sourcecode.swift; path = StarterView.swift; sourceTree = "<group>"; };
		C31382EA2A7D30E3003D4E0B /* MainView.swift */ = {isa = PBXFileReference; lastKnownFileType = sourcecode.swift; path = MainView.swift; sourceTree = "<group>"; };
		C31382EC2A7D3100003D4E0B /* CartRacingView.swift */ = {isa = PBXFileReference; lastKnownFileType = sourcecode.swift; path = CartRacingView.swift; sourceTree = "<group>"; };
		C31382EE2A7D311D003D4E0B /* AwardsView.swift */ = {isa = PBXFileReference; lastKnownFileType = sourcecode.swift; path = AwardsView.swift; sourceTree = "<group>"; };
		C31382F02A7D3136003D4E0B /* GradientRectangles.swift */ = {isa = PBXFileReference; lastKnownFileType = sourcecode.swift; path = GradientRectangles.swift; sourceTree = "<group>"; };
		C31382F22A7D315D003D4E0B /* PathView.swift */ = {isa = PBXFileReference; lastKnownFileType = sourcecode.swift; path = PathView.swift; sourceTree = "<group>"; };
		C31382F42A7D3176003D4E0B /* CurvesView.swift */ = {isa = PBXFileReference; lastKnownFileType = sourcecode.swift; path = CurvesView.swift; sourceTree = "<group>"; };
		C31382F62A7E130F003D4E0B /* SwiftBookThankYou.swift */ = {isa = PBXFileReference; lastKnownFileType = sourcecode.swift; path = SwiftBookThankYou.swift; sourceTree = "<group>"; };
		C3B6793F2A59CC90007EA4F3 /* SwiftBook.app */ = {isa = PBXFileReference; explicitFileType = wrapper.application; includeInIndex = 0; path = SwiftBook.app; sourceTree = BUILT_PRODUCTS_DIR; };
		C3B679422A59CC91007EA4F3 /* SwiftBookApp.swift */ = {isa = PBXFileReference; lastKnownFileType = sourcecode.swift; path = SwiftBookApp.swift; sourceTree = "<group>"; };
		C3B679462A59CC91007EA4F3 /* Assets.xcassets */ = {isa = PBXFileReference; lastKnownFileType = folder.assetcatalog; path = Assets.xcassets; sourceTree = "<group>"; };
		C3B679492A59CC91007EA4F3 /* Preview Assets.xcassets */ = {isa = PBXFileReference; lastKnownFileType = folder.assetcatalog; path = "Preview Assets.xcassets"; sourceTree = "<group>"; };
/* End PBXFileReference section */

/* Begin PBXFrameworksBuildPhase section */
		C3B6793C2A59CC90007EA4F3 /* Frameworks */ = {
			isa = PBXFrameworksBuildPhase;
			buildActionMask = 2147483647;
			files = (
			);
			runOnlyForDeploymentPostprocessing = 0;
		};
/* End PBXFrameworksBuildPhase section */

/* Begin PBXGroup section */
		C3B679362A59CC90007EA4F3 = {
			isa = PBXGroup;
			children = (
				C3B679412A59CC90007EA4F3 /* SwiftBook */,
				C3B679402A59CC90007EA4F3 /* Products */,
			);
			sourceTree = "<group>";
		};
		C3B679402A59CC90007EA4F3 /* Products */ = {
			isa = PBXGroup;
			children = (
				C3B6793F2A59CC90007EA4F3 /* SwiftBook.app */,
			);
			name = Products;
			sourceTree = "<group>";
		};
		C3B679412A59CC90007EA4F3 /* SwiftBook */ = {
			isa = PBXGroup;
			children = (
				C3B679422A59CC91007EA4F3 /* SwiftBookApp.swift */,
				C31382E82A7D309D003D4E0B /* StarterView.swift */,
				C3B679462A59CC91007EA4F3 /* Assets.xcassets */,
				C3B679482A59CC91007EA4F3 /* Preview Content */,
				C31382EA2A7D30E3003D4E0B /* MainView.swift */,
				C31382EC2A7D3100003D4E0B /* CartRacingView.swift */,
				C31382EE2A7D311D003D4E0B /* AwardsView.swift */,
				C31382F02A7D3136003D4E0B /* GradientRectangles.swift */,
				C31382F22A7D315D003D4E0B /* PathView.swift */,
				C31382F42A7D3176003D4E0B /* CurvesView.swift */,
				C31382F62A7E130F003D4E0B /* SwiftBookThankYou.swift */,
			);
			path = SwiftBook;
			sourceTree = "<group>";
		};
		C3B679482A59CC91007EA4F3 /* Preview Content */ = {
			isa = PBXGroup;
			children = (
				C3B679492A59CC91007EA4F3 /* Preview Assets.xcassets */,
			);
			path = "Preview Content";
			sourceTree = "<group>";
		};
/* End PBXGroup section */

/* Begin PBXNativeTarget section */
		C3B6793E2A59CC90007EA4F3 /* SwiftBook */ = {
			isa = PBXNativeTarget;
			buildConfigurationList = C3B6794D2A59CC91007EA4F3 /* Build configuration list for PBXNativeTarget "SwiftBook" */;
			buildPhases = (
				C3B6793B2A59CC90007EA4F3 /* Sources */,
				C3B6793C2A59CC90007EA4F3 /* Frameworks */,
				C3B6793D2A59CC90007EA4F3 /* Resources */,
			);
			buildRules = (
			);
			dependencies = (
			);
			name = SwiftBook;
			productName = SwiftBook;
			productReference = C3B6793F2A59CC90007EA4F3 /* SwiftBook.app */;
			productType = "com.apple.product-type.application";
		};
/* End PBXNativeTarget section */

/* Begin PBXProject section */
		C3B679372A59CC90007EA4F3 /* Project object */ = {
			isa = PBXProject;
			attributes = {
				BuildIndependentTargetsInParallel = 1;
				LastSwiftUpdateCheck = 1430;
				LastUpgradeCheck = 1430;
				TargetAttributes = {
					C3B6793E2A59CC90007EA4F3 = {
						CreatedOnToolsVersion = 14.3;
					};
				};
			};
			buildConfigurationList = C3B6793A2A59CC90007EA4F3 /* Build configuration list for PBXProject "SwiftBook" */;
			compatibilityVersion = "Xcode 14.0";
			developmentRegion = en;
			hasScannedForEncodings = 0;
			knownRegions = (
				en,
				Base,
			);
			mainGroup = C3B679362A59CC90007EA4F3;
			productRefGroup = C3B679402A59CC90007EA4F3 /* Products */;
			projectDirPath = "";
			projectRoot = "";
			targets = (
				C3B6793E2A59CC90007EA4F3 /* SwiftBook */,
			);
		};
/* End PBXProject section */

/* Begin PBXResourcesBuildPhase section */
		C3B6793D2A59CC90007EA4F3 /* Resources */ = {
			isa = PBXResourcesBuildPhase;
			buildActionMask = 2147483647;
			files = (
				C3B6794A2A59CC91007EA4F3 /* Preview Assets.xcassets in Resources */,
				C3B679472A59CC91007EA4F3 /* Assets.xcassets in Resources */,
			);
			runOnlyForDeploymentPostprocessing = 0;
		};
/* End PBXResourcesBuildPhase section */

/* Begin PBXSourcesBuildPhase section */
		C3B6793B2A59CC90007EA4F3 /* Sources */ = {
			isa = PBXSourcesBuildPhase;
			buildActionMask = 2147483647;
			files = (
				C31382ED2A7D3100003D4E0B /* CartRacingView.swift in Sources */,
				C3B679432A59CC91007EA4F3 /* SwiftBookApp.swift in Sources */,
				C31382F72A7E130F003D4E0B /* SwiftBookThankYou.swift in Sources */,
				C31382EF2A7D311D003D4E0B /* AwardsView.swift in Sources */,
				C31382F32A7D315D003D4E0B /* PathView.swift in Sources */,
				C31382EB2A7D30E3003D4E0B /* MainView.swift in Sources */,
				C31382E92A7D309D003D4E0B /* StarterView.swift in Sources */,
				C31382F52A7D3176003D4E0B /* CurvesView.swift in Sources */,
				C31382F12A7D3136003D4E0B /* GradientRectangles.swift in Sources */,
			);
			runOnlyForDeploymentPostprocessing = 0;
		};
/* End PBXSourcesBuildPhase section */

/* Begin XCBuildConfiguration section */
		C3B6794B2A59CC91007EA4F3 /* Debug */ = {
			isa = XCBuildConfiguration;
			buildSettings = {
				ALWAYS_SEARCH_USER_PATHS = NO;
				CLANG_ANALYZER_NONNULL = YES;
				CLANG_ANALYZER_NUMBER_OBJECT_CONVERSION = YES_AGGRESSIVE;
				CLANG_CXX_LANGUAGE_STANDARD = "gnu++20";
				CLANG_ENABLE_MODULES = YES;
				CLANG_ENABLE_OBJC_ARC = YES;
				CLANG_ENABLE_OBJC_WEAK = YES;
				CLANG_WARN_BLOCK_CAPTURE_AUTORELEASING = YES;
				CLANG_WARN_BOOL_CONVERSION = YES;
				CLANG_WARN_COMMA = YES;
				CLANG_WARN_CONSTANT_CONVERSION = YES;
				CLANG_WARN_DEPRECATED_OBJC_IMPLEMENTATIONS = YES;
				CLANG_WARN_DIRECT_OBJC_ISA_USAGE = YES_ERROR;
				CLANG_WARN_DOCUMENTATION_COMMENTS = YES;
				CLANG_WARN_EMPTY_BODY = YES;
				CLANG_WARN_ENUM_CONVERSION = YES;
				CLANG_WARN_INFINITE_RECURSION = YES;
				CLANG_WARN_INT_CONVERSION = YES;
				CLANG_WARN_NON_LITERAL_NULL_CONVERSION = YES;
				CLANG_WARN_OBJC_IMPLICIT_RETAIN_SELF = YES;
				CLANG_WARN_OBJC_LITERAL_CONVERSION = YES;
				CLANG_WARN_OBJC_ROOT_CLASS = YES_ERROR;
				CLANG_WARN_QUOTED_INCLUDE_IN_FRAMEWORK_HEADER = YES;
				CLANG_WARN_RANGE_LOOP_ANALYSIS = YES;
				CLANG_WARN_STRICT_PROTOTYPES = YES;
				CLANG_WARN_SUSPICIOUS_MOVE = YES;
				CLANG_WARN_UNGUARDED_AVAILABILITY = YES_AGGRESSIVE;
				CLANG_WARN_UNREACHABLE_CODE = YES;
				CLANG_WARN__DUPLICATE_METHOD_MATCH = YES;
				COPY_PHASE_STRIP = NO;
				DEBUG_INFORMATION_FORMAT = dwarf;
				ENABLE_STRICT_OBJC_MSGSEND = YES;
				ENABLE_TESTABILITY = YES;
				GCC_C_LANGUAGE_STANDARD = gnu11;
				GCC_DYNAMIC_NO_PIC = NO;
				GCC_NO_COMMON_BLOCKS = YES;
				GCC_OPTIMIZATION_LEVEL = 0;
				GCC_PREPROCESSOR_DEFINITIONS = (
					"DEBUG=1",
					"$(inherited)",
				);
				GCC_WARN_64_TO_32_BIT_CONVERSION = YES;
				GCC_WARN_ABOUT_RETURN_TYPE = YES_ERROR;
				GCC_WARN_UNDECLARED_SELECTOR = YES;
				GCC_WARN_UNINITIALIZED_AUTOS = YES_AGGRESSIVE;
				GCC_WARN_UNUSED_FUNCTION = YES;
				GCC_WARN_UNUSED_VARIABLE = YES;
				IPHONEOS_DEPLOYMENT_TARGET = 16.4;
				MTL_ENABLE_DEBUG_INFO = INCLUDE_SOURCE;
				MTL_FAST_MATH = YES;
				ONLY_ACTIVE_ARCH = YES;
				SDKROOT = iphoneos;
				SWIFT_ACTIVE_COMPILATION_CONDITIONS = DEBUG;
				SWIFT_OPTIMIZATION_LEVEL = "-Onone";
			};
			name = Debug;
		};
		C3B6794C2A59CC91007EA4F3 /* Release */ = {
			isa = XCBuildConfiguration;
			buildSettings = {
				ALWAYS_SEARCH_USER_PATHS = NO;
				CLANG_ANALYZER_NONNULL = YES;
				CLANG_ANALYZER_NUMBER_OBJECT_CONVERSION = YES_AGGRESSIVE;
				CLANG_CXX_LANGUAGE_STANDARD = "gnu++20";
				CLANG_ENABLE_MODULES = YES;
				CLANG_ENABLE_OBJC_ARC = YES;
				CLANG_ENABLE_OBJC_WEAK = YES;
				CLANG_WARN_BLOCK_CAPTURE_AUTORELEASING = YES;
				CLANG_WARN_BOOL_CONVERSION = YES;
				CLANG_WARN_COMMA = YES;
				CLANG_WARN_CONSTANT_CONVERSION = YES;
				CLANG_WARN_DEPRECATED_OBJC_IMPLEMENTATIONS = YES;
				CLANG_WARN_DIRECT_OBJC_ISA_USAGE = YES_ERROR;
				CLANG_WARN_DOCUMENTATION_COMMENTS = YES;
				CLANG_WARN_EMPTY_BODY = YES;
				CLANG_WARN_ENUM_CONVERSION = YES;
				CLANG_WARN_INFINITE_RECURSION = YES;
				CLANG_WARN_INT_CONVERSION = YES;
				CLANG_WARN_NON_LITERAL_NULL_CONVERSION = YES;
				CLANG_WARN_OBJC_IMPLICIT_RETAIN_SELF = YES;
				CLANG_WARN_OBJC_LITERAL_CONVERSION = YES;
				CLANG_WARN_OBJC_ROOT_CLASS = YES_ERROR;
				CLANG_WARN_QUOTED_INCLUDE_IN_FRAMEWORK_HEADER = YES;
				CLANG_WARN_RANGE_LOOP_ANALYSIS = YES;
				CLANG_WARN_STRICT_PROTOTYPES = YES;
				CLANG_WARN_SUSPICIOUS_MOVE = YES;
				CLANG_WARN_UNGUARDED_AVAILABILITY = YES_AGGRESSIVE;
				CLANG_WARN_UNREACHABLE_CODE = YES;
				CLANG_WARN__DUPLICATE_METHOD_MATCH = YES;
				COPY_PHASE_STRIP = NO;
				DEBUG_INFORMATION_FORMAT = "dwarf-with-dsym";
				ENABLE_NS_ASSERTIONS = NO;
				ENABLE_STRICT_OBJC_MSGSEND = YES;
				GCC_C_LANGUAGE_STANDARD = gnu11;
				GCC_NO_COMMON_BLOCKS = YES;
				GCC_WARN_64_TO_32_BIT_CONVERSION = YES;
				GCC_WARN_ABOUT_RETURN_TYPE = YES_ERROR;
				GCC_WARN_UNDECLARED_SELECTOR = YES;
				GCC_WARN_UNINITIALIZED_AUTOS = YES_AGGRESSIVE;
				GCC_WARN_UNUSED_FUNCTION = YES;
				GCC_WARN_UNUSED_VARIABLE = YES;
				IPHONEOS_DEPLOYMENT_TARGET = 16.4;
				MTL_ENABLE_DEBUG_INFO = NO;
				MTL_FAST_MATH = YES;
				SDKROOT = iphoneos;
				SWIFT_COMPILATION_MODE = wholemodule;
				SWIFT_OPTIMIZATION_LEVEL = "-O";
				VALIDATE_PRODUCT = YES;
			};
			name = Release;
		};
		C3B6794E2A59CC91007EA4F3 /* Debug */ = {
			isa = XCBuildConfiguration;
			buildSettings = {
				ASSETCATALOG_COMPILER_APPICON_NAME = AppIcon;
				ASSETCATALOG_COMPILER_GLOBAL_ACCENT_COLOR_NAME = AccentColor;
				CODE_SIGN_STYLE = Automatic;
				CURRENT_PROJECT_VERSION = 1;
				DEVELOPMENT_ASSET_PATHS = "\"SwiftBook/Preview Content\"";
				DEVELOPMENT_TEAM = SHUNAN4YC4;
				ENABLE_PREVIEWS = YES;
				GENERATE_INFOPLIST_FILE = YES;
				INFOPLIST_KEY_UIApplicationSceneManifest_Generation = YES;
				INFOPLIST_KEY_UIApplicationSupportsIndirectInputEvents = YES;
				INFOPLIST_KEY_UILaunchScreen_Generation = YES;
				INFOPLIST_KEY_UISupportedInterfaceOrientations_iPad = "UIInterfaceOrientationPortrait UIInterfaceOrientationPortraitUpsideDown UIInterfaceOrientationLandscapeLeft UIInterfaceOrientationLandscapeRight";
				INFOPLIST_KEY_UISupportedInterfaceOrientations_iPhone = "UIInterfaceOrientationPortrait UIInterfaceOrientationLandscapeLeft UIInterfaceOrientationLandscapeRight";
				LD_RUNPATH_SEARCH_PATHS = (
					"$(inherited)",
					"@executable_path/Frameworks",
				);
				MARKETING_VERSION = 1.0;
				PRODUCT_BUNDLE_IDENTIFIER = iosken.SwiftBook;
				PRODUCT_NAME = "$(TARGET_NAME)";
				SWIFT_EMIT_LOC_STRINGS = YES;
				SWIFT_VERSION = 5.0;
				TARGETED_DEVICE_FAMILY = "1,2";
			};
			name = Debug;
		};
		C3B6794F2A59CC91007EA4F3 /* Release */ = {
			isa = XCBuildConfiguration;
			buildSettings = {
				ASSETCATALOG_COMPILER_APPICON_NAME = AppIcon;
				ASSETCATALOG_COMPILER_GLOBAL_ACCENT_COLOR_NAME = AccentColor;
				CODE_SIGN_STYLE = Automatic;
				CURRENT_PROJECT_VERSION = 1;
				DEVELOPMENT_ASSET_PATHS = "\"SwiftBook/Preview Content\"";
				DEVELOPMENT_TEAM = SHUNAN4YC4;
				ENABLE_PREVIEWS = YES;
				GENERATE_INFOPLIST_FILE = YES;
				INFOPLIST_KEY_UIApplicationSceneManifest_Generation = YES;
				INFOPLIST_KEY_UIApplicationSupportsIndirectInputEvents = YES;
				INFOPLIST_KEY_UILaunchScreen_Generation = YES;
				INFOPLIST_KEY_UISupportedInterfaceOrientations_iPad = "UIInterfaceOrientationPortrait UIInterfaceOrientationPortraitUpsideDown UIInterfaceOrientationLandscapeLeft UIInterfaceOrientationLandscapeRight";
				INFOPLIST_KEY_UISupportedInterfaceOrientations_iPhone = "UIInterfaceOrientationPortrait UIInterfaceOrientationLandscapeLeft UIInterfaceOrientationLandscapeRight";
				LD_RUNPATH_SEARCH_PATHS = (
					"$(inherited)",
					"@executable_path/Frameworks",
				);
				MARKETING_VERSION = 1.0;
				PRODUCT_BUNDLE_IDENTIFIER = iosken.SwiftBook;
				PRODUCT_NAME = "$(TARGET_NAME)";
				SWIFT_EMIT_LOC_STRINGS = YES;
				SWIFT_VERSION = 5.0;
				TARGETED_DEVICE_FAMILY = "1,2";
			};
			name = Release;
		};
/* End XCBuildConfiguration section */

/* Begin XCConfigurationList section */
		C3B6793A2A59CC90007EA4F3 /* Build configuration list for PBXProject "SwiftBook" */ = {
			isa = XCConfigurationList;
			buildConfigurations = (
				C3B6794B2A59CC91007EA4F3 /* Debug */,
				C3B6794C2A59CC91007EA4F3 /* Release */,
			);
			defaultConfigurationIsVisible = 0;
			defaultConfigurationName = Release;
		};
		C3B6794D2A59CC91007EA4F3 /* Build configuration list for PBXNativeTarget "SwiftBook" */ = {
			isa = XCConfigurationList;
			buildConfigurations = (
				C3B6794E2A59CC91007EA4F3 /* Debug */,
				C3B6794F2A59CC91007EA4F3 /* Release */,
			);
			defaultConfigurationIsVisible = 0;
			defaultConfigurationName = Release;
		};
/* End XCConfigurationList section */
	};
	rootObject = C3B679372A59CC90007EA4F3 /* Project object */;
}
