// !$*UTF8*$!
{
	archiveVersion = 1;
	classes = {
	};
	objectVersion = 55;
	objects = {

/* Begin PBXBuildFile section */
		C327E4052A0507CF002A40C5 /* ContentShower.storyboard in Resources */ = {isa = PBXBuildFile; fileRef = C327E4042A0507CF002A40C5 /* ContentShower.storyboard */; };
		C3344E942A2841A3007EC796 /* ContactListViewController.swift in Sources */ = {isa = PBXBuildFile; fileRef = C3344E932A2841A3007EC796 /* ContactListViewController.swift */; };
		C3344E962A29987D007EC796 /* ContactDetailViewController.swift in Sources */ = {isa = PBXBuildFile; fileRef = C3344E952A29987D007EC796 /* ContactDetailViewController.swift */; };
		C3344EA02A2D9A42007EC796 /* SuperHero.swift in Sources */ = {isa = PBXBuildFile; fileRef = C3344E9F2A2D9A42007EC796 /* SuperHero.swift */; };
		C3344EA22A2D9CED007EC796 /* SuperHeroesViewController.swift in Sources */ = {isa = PBXBuildFile; fileRef = C3344EA12A2D9CED007EC796 /* SuperHeroesViewController.swift */; };
		C338258D2A244FE50022DFBD /* Alamofire in Frameworks */ = {isa = PBXBuildFile; productRef = C338258C2A244FE50022DFBD /* Alamofire */; };
		C33825922A2465380022DFBD /* Parsing.swift in Sources */ = {isa = PBXBuildFile; fileRef = C33825912A2465380022DFBD /* Parsing.swift */; };
		C33825942A24AB3E0022DFBD /* ParsingCollection.swift in Sources */ = {isa = PBXBuildFile; fileRef = C33825932A24AB3E0022DFBD /* ParsingCollection.swift */; };
		C33825972A25DF7A0022DFBD /* SpringAnimation in Frameworks */ = {isa = PBXBuildFile; productRef = C33825962A25DF7A0022DFBD /* SpringAnimation */; };
		C33825992A25FE600022DFBD /* AnimationManager.swift in Sources */ = {isa = PBXBuildFile; fileRef = C33825982A25FE600022DFBD /* AnimationManager.swift */; };
		C338259C2A26EE160022DFBD /* AlamofireImage in Frameworks */ = {isa = PBXBuildFile; productRef = C338259B2A26EE160022DFBD /* AlamofireImage */; };
		C33825A02A2704B10022DFBD /* ImageCacheManager.swift in Sources */ = {isa = PBXBuildFile; fileRef = C338259F2A2704B10022DFBD /* ImageCacheManager.swift */; };
		C33825A22A27406C0022DFBD /* Contact.swift in Sources */ = {isa = PBXBuildFile; fileRef = C33825A12A27406C0022DFBD /* Contact.swift */; };
		C385BDB52A1B662500368F26 /* AlertManager.swift in Sources */ = {isa = PBXBuildFile; fileRef = C385BDB42A1B662500368F26 /* AlertManager.swift */; };
		C385BDBB2A1DEB6000368F26 /* WallstreetbetListViewController.swift in Sources */ = {isa = PBXBuildFile; fileRef = C385BDBA2A1DEB6000368F26 /* WallstreetbetListViewController.swift */; };
		C3A321062A2DF2CF003EB149 /* SuperHeroViewCell.swift in Sources */ = {isa = PBXBuildFile; fileRef = C3A321052A2DF2CF003EB149 /* SuperHeroViewCell.swift */; };
		C3A321092A2ED52B003EB149 /* Kingfisher in Frameworks */ = {isa = PBXBuildFile; productRef = C3A321082A2ED52B003EB149 /* Kingfisher */; };
		C3A3210B2A2F43F6003EB149 /* MarvelViewController.swift in Sources */ = {isa = PBXBuildFile; fileRef = C3A3210A2A2F43F6003EB149 /* MarvelViewController.swift */; };
		C3A3210D2A2F4426003EB149 /* MarvelViewCell.swift in Sources */ = {isa = PBXBuildFile; fileRef = C3A3210C2A2F4426003EB149 /* MarvelViewCell.swift */; };
		C3A321122A3098F1003EB149 /* ContactListAddViewController.swift in Sources */ = {isa = PBXBuildFile; fileRef = C3A321112A3098F1003EB149 /* ContactListAddViewController.swift */; };
		C3A321142A309A04003EB149 /* StorageManager.swift in Sources */ = {isa = PBXBuildFile; fileRef = C3A321132A309A04003EB149 /* StorageManager.swift */; };
		C3A321162A309A4F003EB149 /* ContactShort.swift in Sources */ = {isa = PBXBuildFile; fileRef = C3A321152A309A4F003EB149 /* ContactShort.swift */; };
		C3A3211A2A309F05003EB149 /* ContactAddNewViewController.swift in Sources */ = {isa = PBXBuildFile; fileRef = C3A321192A309F05003EB149 /* ContactAddNewViewController.swift */; };
		C3AB1FCB2A1772CF00E31CA9 /* ContentShowerViewController.swift in Sources */ = {isa = PBXBuildFile; fileRef = C3AB1FCA2A1772CF00E31CA9 /* ContentShowerViewController.swift */; };
		C3AB1FCD2A1B5EE100E31CA9 /* EmojihubViewController.swift in Sources */ = {isa = PBXBuildFile; fileRef = C3AB1FCC2A1B5EE100E31CA9 /* EmojihubViewController.swift */; };
		C3AB1FCF2A1B5EF600E31CA9 /* GenderizeViewController.swift in Sources */ = {isa = PBXBuildFile; fileRef = C3AB1FCE2A1B5EF600E31CA9 /* GenderizeViewController.swift */; };
		C3AB1FD12A1B5F0900E31CA9 /* SwapiViewController.swift in Sources */ = {isa = PBXBuildFile; fileRef = C3AB1FD02A1B5F0900E31CA9 /* SwapiViewController.swift */; };
		C3F595BE2A1720A20035135D /* Emoji.swift in Sources */ = {isa = PBXBuildFile; fileRef = C3F595BD2A1720A20035135D /* Emoji.swift */; };
		C3F595C12A17210A0035135D /* Genderize.swift in Sources */ = {isa = PBXBuildFile; fileRef = C3F595C02A17210A0035135D /* Genderize.swift */; };
		C3F595C32A17214B0035135D /* SwapiPlanet.swift in Sources */ = {isa = PBXBuildFile; fileRef = C3F595C22A17214B0035135D /* SwapiPlanet.swift */; };
		C3F595C52A1721AF0035135D /* Wallstreetbet.swift in Sources */ = {isa = PBXBuildFile; fileRef = C3F595C42A1721AF0035135D /* Wallstreetbet.swift */; };
		C3F595C72A1723290035135D /* NetworkManager.swift in Sources */ = {isa = PBXBuildFile; fileRef = C3F595C62A1723290035135D /* NetworkManager.swift */; };
		DA564D3C294B1949006CD17C /* AppDelegate.swift in Sources */ = {isa = PBXBuildFile; fileRef = DA564D3B294B1949006CD17C /* AppDelegate.swift */; };
		DA564D3E294B1949006CD17C /* SceneDelegate.swift in Sources */ = {isa = PBXBuildFile; fileRef = DA564D3D294B1949006CD17C /* SceneDelegate.swift */; };
		DA564D45294B194A006CD17C /* Assets.xcassets in Resources */ = {isa = PBXBuildFile; fileRef = DA564D44294B194A006CD17C /* Assets.xcassets */; };
		DA564D48294B194A006CD17C /* LaunchScreen.storyboard in Resources */ = {isa = PBXBuildFile; fileRef = DA564D46294B194A006CD17C /* LaunchScreen.storyboard */; };
/* End PBXBuildFile section */

/* Begin PBXFileReference section */
		C327E4042A0507CF002A40C5 /* ContentShower.storyboard */ = {isa = PBXFileReference; lastKnownFileType = file.storyboard; path = ContentShower.storyboard; sourceTree = "<group>"; };
		C3344E932A2841A3007EC796 /* ContactListViewController.swift */ = {isa = PBXFileReference; lastKnownFileType = sourcecode.swift; path = ContactListViewController.swift; sourceTree = "<group>"; };
		C3344E952A29987D007EC796 /* ContactDetailViewController.swift */ = {isa = PBXFileReference; lastKnownFileType = sourcecode.swift; path = ContactDetailViewController.swift; sourceTree = "<group>"; };
		C3344E9F2A2D9A42007EC796 /* SuperHero.swift */ = {isa = PBXFileReference; lastKnownFileType = sourcecode.swift; path = SuperHero.swift; sourceTree = "<group>"; };
		C3344EA12A2D9CED007EC796 /* SuperHeroesViewController.swift */ = {isa = PBXFileReference; lastKnownFileType = sourcecode.swift; path = SuperHeroesViewController.swift; sourceTree = "<group>"; };
		C33825912A2465380022DFBD /* Parsing.swift */ = {isa = PBXFileReference; lastKnownFileType = sourcecode.swift; path = Parsing.swift; sourceTree = "<group>"; };
		C33825932A24AB3E0022DFBD /* ParsingCollection.swift */ = {isa = PBXFileReference; lastKnownFileType = sourcecode.swift; path = ParsingCollection.swift; sourceTree = "<group>"; };
		C33825982A25FE600022DFBD /* AnimationManager.swift */ = {isa = PBXFileReference; lastKnownFileType = sourcecode.swift; path = AnimationManager.swift; sourceTree = "<group>"; };
		C338259F2A2704B10022DFBD /* ImageCacheManager.swift */ = {isa = PBXFileReference; lastKnownFileType = sourcecode.swift; path = ImageCacheManager.swift; sourceTree = "<group>"; };
		C33825A12A27406C0022DFBD /* Contact.swift */ = {isa = PBXFileReference; lastKnownFileType = sourcecode.swift; path = Contact.swift; sourceTree = "<group>"; };
		C385BDB42A1B662500368F26 /* AlertManager.swift */ = {isa = PBXFileReference; lastKnownFileType = sourcecode.swift; path = AlertManager.swift; sourceTree = "<group>"; };
		C385BDBA2A1DEB6000368F26 /* WallstreetbetListViewController.swift */ = {isa = PBXFileReference; lastKnownFileType = sourcecode.swift; path = WallstreetbetListViewController.swift; sourceTree = "<group>"; };
		C3A321052A2DF2CF003EB149 /* SuperHeroViewCell.swift */ = {isa = PBXFileReference; lastKnownFileType = sourcecode.swift; path = SuperHeroViewCell.swift; sourceTree = "<group>"; };
		C3A3210A2A2F43F6003EB149 /* MarvelViewController.swift */ = {isa = PBXFileReference; lastKnownFileType = sourcecode.swift; path = MarvelViewController.swift; sourceTree = "<group>"; };
		C3A3210C2A2F4426003EB149 /* MarvelViewCell.swift */ = {isa = PBXFileReference; lastKnownFileType = sourcecode.swift; path = MarvelViewCell.swift; sourceTree = "<group>"; };
		C3A321112A3098F1003EB149 /* ContactListAddViewController.swift */ = {isa = PBXFileReference; lastKnownFileType = sourcecode.swift; path = ContactListAddViewController.swift; sourceTree = "<group>"; };
		C3A321132A309A04003EB149 /* StorageManager.swift */ = {isa = PBXFileReference; lastKnownFileType = sourcecode.swift; path = StorageManager.swift; sourceTree = "<group>"; };
		C3A321152A309A4F003EB149 /* ContactShort.swift */ = {isa = PBXFileReference; lastKnownFileType = sourcecode.swift; path = ContactShort.swift; sourceTree = "<group>"; };
		C3A321192A309F05003EB149 /* ContactAddNewViewController.swift */ = {isa = PBXFileReference; lastKnownFileType = sourcecode.swift; path = ContactAddNewViewController.swift; sourceTree = "<group>"; };
		C3AB1FCA2A1772CF00E31CA9 /* ContentShowerViewController.swift */ = {isa = PBXFileReference; lastKnownFileType = sourcecode.swift; path = ContentShowerViewController.swift; sourceTree = "<group>"; };
		C3AB1FCC2A1B5EE100E31CA9 /* EmojihubViewController.swift */ = {isa = PBXFileReference; lastKnownFileType = sourcecode.swift; path = EmojihubViewController.swift; sourceTree = "<group>"; };
		C3AB1FCE2A1B5EF600E31CA9 /* GenderizeViewController.swift */ = {isa = PBXFileReference; lastKnownFileType = sourcecode.swift; path = GenderizeViewController.swift; sourceTree = "<group>"; };
		C3AB1FD02A1B5F0900E31CA9 /* SwapiViewController.swift */ = {isa = PBXFileReference; lastKnownFileType = sourcecode.swift; path = SwapiViewController.swift; sourceTree = "<group>"; };
		C3F595BD2A1720A20035135D /* Emoji.swift */ = {isa = PBXFileReference; lastKnownFileType = sourcecode.swift; path = Emoji.swift; sourceTree = "<group>"; };
		C3F595C02A17210A0035135D /* Genderize.swift */ = {isa = PBXFileReference; lastKnownFileType = sourcecode.swift; path = Genderize.swift; sourceTree = "<group>"; };
		C3F595C22A17214B0035135D /* SwapiPlanet.swift */ = {isa = PBXFileReference; lastKnownFileType = sourcecode.swift; path = SwapiPlanet.swift; sourceTree = "<group>"; };
		C3F595C42A1721AF0035135D /* Wallstreetbet.swift */ = {isa = PBXFileReference; lastKnownFileType = sourcecode.swift; path = Wallstreetbet.swift; sourceTree = "<group>"; };
		C3F595C62A1723290035135D /* NetworkManager.swift */ = {isa = PBXFileReference; lastKnownFileType = sourcecode.swift; path = NetworkManager.swift; sourceTree = "<group>"; };
		DA564D38294B1949006CD17C /* SwiftBook.app */ = {isa = PBXFileReference; explicitFileType = wrapper.application; includeInIndex = 0; path = SwiftBook.app; sourceTree = BUILT_PRODUCTS_DIR; };
		DA564D3B294B1949006CD17C /* AppDelegate.swift */ = {isa = PBXFileReference; lastKnownFileType = sourcecode.swift; path = AppDelegate.swift; sourceTree = "<group>"; };
		DA564D3D294B1949006CD17C /* SceneDelegate.swift */ = {isa = PBXFileReference; lastKnownFileType = sourcecode.swift; path = SceneDelegate.swift; sourceTree = "<group>"; };
		DA564D44294B194A006CD17C /* Assets.xcassets */ = {isa = PBXFileReference; lastKnownFileType = folder.assetcatalog; path = Assets.xcassets; sourceTree = "<group>"; };
		DA564D47294B194A006CD17C /* Base */ = {isa = PBXFileReference; lastKnownFileType = file.storyboard; name = Base; path = Base.lproj/LaunchScreen.storyboard; sourceTree = "<group>"; };
		DA564D49294B194A006CD17C /* Info.plist */ = {isa = PBXFileReference; lastKnownFileType = text.plist.xml; path = Info.plist; sourceTree = "<group>"; };
/* End PBXFileReference section */

/* Begin PBXFrameworksBuildPhase section */
		DA564D35294B1949006CD17C /* Frameworks */ = {
			isa = PBXFrameworksBuildPhase;
			buildActionMask = 2147483647;
			files = (
				C3A321092A2ED52B003EB149 /* Kingfisher in Frameworks */,
				C33825972A25DF7A0022DFBD /* SpringAnimation in Frameworks */,
				C338258D2A244FE50022DFBD /* Alamofire in Frameworks */,
				C338259C2A26EE160022DFBD /* AlamofireImage in Frameworks */,
			);
			runOnlyForDeploymentPostprocessing = 0;
		};
/* End PBXFrameworksBuildPhase section */

/* Begin PBXGroup section */
		C327E4082A050805002A40C5 /* Storyboards */ = {
			isa = PBXGroup;
			children = (
				C327E4042A0507CF002A40C5 /* ContentShower.storyboard */,
				DA564D46294B194A006CD17C /* LaunchScreen.storyboard */,
			);
			path = Storyboards;
			sourceTree = "<group>";
		};
		C327E4092A050823002A40C5 /* App */ = {
			isa = PBXGroup;
			children = (
				DA564D49294B194A006CD17C /* Info.plist */,
				DA564D3B294B1949006CD17C /* AppDelegate.swift */,
				DA564D3D294B1949006CD17C /* SceneDelegate.swift */,
			);
			path = App;
			sourceTree = "<group>";
		};
		C327E40A2A05082F002A40C5 /* ViewControllers */ = {
			isa = PBXGroup;
			children = (
				C3AB1FCA2A1772CF00E31CA9 /* ContentShowerViewController.swift */,
				C3AB1FCC2A1B5EE100E31CA9 /* EmojihubViewController.swift */,
				C3AB1FCE2A1B5EF600E31CA9 /* GenderizeViewController.swift */,
				C3AB1FD02A1B5F0900E31CA9 /* SwapiViewController.swift */,
				C385BDBA2A1DEB6000368F26 /* WallstreetbetListViewController.swift */,
				C3344E932A2841A3007EC796 /* ContactListViewController.swift */,
				C3344E952A29987D007EC796 /* ContactDetailViewController.swift */,
				C3344EA12A2D9CED007EC796 /* SuperHeroesViewController.swift */,
				C3A321052A2DF2CF003EB149 /* SuperHeroViewCell.swift */,
				C3A3210A2A2F43F6003EB149 /* MarvelViewController.swift */,
				C3A3210C2A2F4426003EB149 /* MarvelViewCell.swift */,
				C3A321112A3098F1003EB149 /* ContactListAddViewController.swift */,
				C3A321192A309F05003EB149 /* ContactAddNewViewController.swift */,
			);
			path = ViewControllers;
			sourceTree = "<group>";
		};
		C327E40B2A050848002A40C5 /* Services */ = {
			isa = PBXGroup;
			children = (
				C385BDB42A1B662500368F26 /* AlertManager.swift */,
				C33825982A25FE600022DFBD /* AnimationManager.swift */,
				C3F595C62A1723290035135D /* NetworkManager.swift */,
				C338259F2A2704B10022DFBD /* ImageCacheManager.swift */,
				C3A321132A309A04003EB149 /* StorageManager.swift */,
			);
			path = Services;
			sourceTree = "<group>";
		};
		C33825902A2464F80022DFBD /* Protocols */ = {
			isa = PBXGroup;
			children = (
				C33825912A2465380022DFBD /* Parsing.swift */,
				C33825932A24AB3E0022DFBD /* ParsingCollection.swift */,
			);
			path = Protocols;
			sourceTree = "<group>";
		};
		C3A321102A302F14003EB149 /* Resources */ = {
			isa = PBXGroup;
			children = (
				DA564D44294B194A006CD17C /* Assets.xcassets */,
			);
			path = Resources;
			sourceTree = "<group>";
		};
		C3F595BF2A1720A70035135D /* Models */ = {
			isa = PBXGroup;
			children = (
				C3F595BD2A1720A20035135D /* Emoji.swift */,
				C3F595C02A17210A0035135D /* Genderize.swift */,
				C3F595C22A17214B0035135D /* SwapiPlanet.swift */,
				C3F595C42A1721AF0035135D /* Wallstreetbet.swift */,
				C33825A12A27406C0022DFBD /* Contact.swift */,
				C3344E9F2A2D9A42007EC796 /* SuperHero.swift */,
				C3A321152A309A4F003EB149 /* ContactShort.swift */,
			);
			path = Models;
			sourceTree = "<group>";
		};
		DA564D2F294B1949006CD17C = {
			isa = PBXGroup;
			children = (
				DA564D3A294B1949006CD17C /* SwiftBook */,
				DA564D39294B1949006CD17C /* Products */,
			);
			sourceTree = "<group>";
		};
		DA564D39294B1949006CD17C /* Products */ = {
			isa = PBXGroup;
			children = (
				DA564D38294B1949006CD17C /* SwiftBook.app */,
			);
			name = Products;
			sourceTree = "<group>";
		};
		DA564D3A294B1949006CD17C /* SwiftBook */ = {
			isa = PBXGroup;
			children = (
				C33825902A2464F80022DFBD /* Protocols */,
				C3F595BF2A1720A70035135D /* Models */,
				C327E4082A050805002A40C5 /* Storyboards */,
				C327E40A2A05082F002A40C5 /* ViewControllers */,
				C327E4092A050823002A40C5 /* App */,
				C327E40B2A050848002A40C5 /* Services */,
				C3A321102A302F14003EB149 /* Resources */,
			);
			path = SwiftBook;
			sourceTree = "<group>";
		};
/* End PBXGroup section */

/* Begin PBXNativeTarget section */
		DA564D37294B1949006CD17C /* SwiftBook */ = {
			isa = PBXNativeTarget;
			buildConfigurationList = DA564D4C294B194A006CD17C /* Build configuration list for PBXNativeTarget "SwiftBook" */;
			buildPhases = (
				DA564D34294B1949006CD17C /* Sources */,
				DA564D35294B1949006CD17C /* Frameworks */,
				DA564D36294B1949006CD17C /* Resources */,
			);
			buildRules = (
			);
			dependencies = (
			);
			name = SwiftBook;
			packageProductDependencies = (
				C338258C2A244FE50022DFBD /* Alamofire */,
				C33825962A25DF7A0022DFBD /* SpringAnimation */,
				C338259B2A26EE160022DFBD /* AlamofireImage */,
				C3A321082A2ED52B003EB149 /* Kingfisher */,
			);
			productName = SwiftBook;
			productReference = DA564D38294B1949006CD17C /* SwiftBook.app */;
			productType = "com.apple.product-type.application";
		};
/* End PBXNativeTarget section */

/* Begin PBXProject section */
		DA564D30294B1949006CD17C /* Project object */ = {
			isa = PBXProject;
			attributes = {
				BuildIndependentTargetsInParallel = 1;
				LastSwiftUpdateCheck = 1340;
				LastUpgradeCheck = 1340;
				TargetAttributes = {
					DA564D37294B1949006CD17C = {
						CreatedOnToolsVersion = 13.4.1;
					};
				};
			};
			buildConfigurationList = DA564D33294B1949006CD17C /* Build configuration list for PBXProject "SwiftBook" */;
			compatibilityVersion = "Xcode 13.0";
			developmentRegion = en;
			hasScannedForEncodings = 0;
			knownRegions = (
				en,
				Base,
			);
			mainGroup = DA564D2F294B1949006CD17C;
			packageReferences = (
				C338258B2A244FE50022DFBD /* XCRemoteSwiftPackageReference "Alamofire" */,
				C33825952A25DF7A0022DFBD /* XCRemoteSwiftPackageReference "SpringAnimation" */,
				C338259A2A26EE160022DFBD /* XCRemoteSwiftPackageReference "AlamofireImage" */,
				C3A321072A2ED52B003EB149 /* XCRemoteSwiftPackageReference "Kingfisher" */,
			);
			productRefGroup = DA564D39294B1949006CD17C /* Products */;
			projectDirPath = "";
			projectRoot = "";
			targets = (
				DA564D37294B1949006CD17C /* SwiftBook */,
			);
		};
/* End PBXProject section */

/* Begin PBXResourcesBuildPhase section */
		DA564D36294B1949006CD17C /* Resources */ = {
			isa = PBXResourcesBuildPhase;
			buildActionMask = 2147483647;
			files = (
				C327E4052A0507CF002A40C5 /* ContentShower.storyboard in Resources */,
				DA564D48294B194A006CD17C /* LaunchScreen.storyboard in Resources */,
				DA564D45294B194A006CD17C /* Assets.xcassets in Resources */,
			);
			runOnlyForDeploymentPostprocessing = 0;
		};
/* End PBXResourcesBuildPhase section */

/* Begin PBXSourcesBuildPhase section */
		DA564D34294B1949006CD17C /* Sources */ = {
			isa = PBXSourcesBuildPhase;
			buildActionMask = 2147483647;
			files = (
				C33825922A2465380022DFBD /* Parsing.swift in Sources */,
				C3F595BE2A1720A20035135D /* Emoji.swift in Sources */,
				C3344EA22A2D9CED007EC796 /* SuperHeroesViewController.swift in Sources */,
				C3A3210B2A2F43F6003EB149 /* MarvelViewController.swift in Sources */,
				C3F595C52A1721AF0035135D /* Wallstreetbet.swift in Sources */,
				C3AB1FCD2A1B5EE100E31CA9 /* EmojihubViewController.swift in Sources */,
				C33825A02A2704B10022DFBD /* ImageCacheManager.swift in Sources */,
				C33825A22A27406C0022DFBD /* Contact.swift in Sources */,
				C3344E962A29987D007EC796 /* ContactDetailViewController.swift in Sources */,
				DA564D3C294B1949006CD17C /* AppDelegate.swift in Sources */,
				C3A3210D2A2F4426003EB149 /* MarvelViewCell.swift in Sources */,
				C3A321122A3098F1003EB149 /* ContactListAddViewController.swift in Sources */,
				C3A321162A309A4F003EB149 /* ContactShort.swift in Sources */,
				C3A3211A2A309F05003EB149 /* ContactAddNewViewController.swift in Sources */,
				C3F595C72A1723290035135D /* NetworkManager.swift in Sources */,
				C385BDB52A1B662500368F26 /* AlertManager.swift in Sources */,
				DA564D3E294B1949006CD17C /* SceneDelegate.swift in Sources */,
				C3AB1FCB2A1772CF00E31CA9 /* ContentShowerViewController.swift in Sources */,
				C3344E942A2841A3007EC796 /* ContactListViewController.swift in Sources */,
				C385BDBB2A1DEB6000368F26 /* WallstreetbetListViewController.swift in Sources */,
				C33825942A24AB3E0022DFBD /* ParsingCollection.swift in Sources */,
				C3F595C32A17214B0035135D /* SwapiPlanet.swift in Sources */,
				C33825992A25FE600022DFBD /* AnimationManager.swift in Sources */,
				C3A321142A309A04003EB149 /* StorageManager.swift in Sources */,
				C3AB1FD12A1B5F0900E31CA9 /* SwapiViewController.swift in Sources */,
				C3AB1FCF2A1B5EF600E31CA9 /* GenderizeViewController.swift in Sources */,
				C3F595C12A17210A0035135D /* Genderize.swift in Sources */,
				C3344EA02A2D9A42007EC796 /* SuperHero.swift in Sources */,
				C3A321062A2DF2CF003EB149 /* SuperHeroViewCell.swift in Sources */,
			);
			runOnlyForDeploymentPostprocessing = 0;
		};
/* End PBXSourcesBuildPhase section */

/* Begin PBXVariantGroup section */
		DA564D46294B194A006CD17C /* LaunchScreen.storyboard */ = {
			isa = PBXVariantGroup;
			children = (
				DA564D47294B194A006CD17C /* Base */,
			);
			name = LaunchScreen.storyboard;
			sourceTree = "<group>";
		};
/* End PBXVariantGroup section */

/* Begin XCBuildConfiguration section */
		DA564D4A294B194A006CD17C /* Debug */ = {
			isa = XCBuildConfiguration;
			buildSettings = {
				ALWAYS_SEARCH_USER_PATHS = NO;
				CLANG_ANALYZER_NONNULL = YES;
				CLANG_ANALYZER_NUMBER_OBJECT_CONVERSION = YES_AGGRESSIVE;
				CLANG_CXX_LANGUAGE_STANDARD = "gnu++17";
				CLANG_ENABLE_MODULES = YES;
				CLANG_ENABLE_OBJC_ARC = YES;
				CLANG_ENABLE_OBJC_WEAK = YES;
				CLANG_WARN_BLOCK_CAPTURE_AUTORELEASING = YES;
				CLANG_WARN_BOOL_CONVERSION = YES;
				CLANG_WARN_COMMA = YES;
				CLANG_WARN_CONSTANT_CONVERSION = YES;
				CLANG_WARN_DEPRECATED_OBJC_IMPLEMENTATIONS = YES;
				CLANG_WARN_DIRECT_OBJC_ISA_USAGE = YES_ERROR;
				CLANG_WARN_DOCUMENTATION_COMMENTS = YES;
				CLANG_WARN_EMPTY_BODY = YES;
				CLANG_WARN_ENUM_CONVERSION = YES;
				CLANG_WARN_INFINITE_RECURSION = YES;
				CLANG_WARN_INT_CONVERSION = YES;
				CLANG_WARN_NON_LITERAL_NULL_CONVERSION = YES;
				CLANG_WARN_OBJC_IMPLICIT_RETAIN_SELF = YES;
				CLANG_WARN_OBJC_LITERAL_CONVERSION = YES;
				CLANG_WARN_OBJC_ROOT_CLASS = YES_ERROR;
				CLANG_WARN_QUOTED_INCLUDE_IN_FRAMEWORK_HEADER = YES;
				CLANG_WARN_RANGE_LOOP_ANALYSIS = YES;
				CLANG_WARN_STRICT_PROTOTYPES = YES;
				CLANG_WARN_SUSPICIOUS_MOVE = YES;
				CLANG_WARN_UNGUARDED_AVAILABILITY = YES_AGGRESSIVE;
				CLANG_WARN_UNREACHABLE_CODE = YES;
				CLANG_WARN__DUPLICATE_METHOD_MATCH = YES;
				COPY_PHASE_STRIP = NO;
				DEBUG_INFORMATION_FORMAT = dwarf;
				ENABLE_STRICT_OBJC_MSGSEND = YES;
				ENABLE_TESTABILITY = YES;
				GCC_C_LANGUAGE_STANDARD = gnu11;
				GCC_DYNAMIC_NO_PIC = NO;
				GCC_NO_COMMON_BLOCKS = YES;
				GCC_OPTIMIZATION_LEVEL = 0;
				GCC_PREPROCESSOR_DEFINITIONS = (
					"DEBUG=1",
					"$(inherited)",
				);
				GCC_WARN_64_TO_32_BIT_CONVERSION = YES;
				GCC_WARN_ABOUT_RETURN_TYPE = YES_ERROR;
				GCC_WARN_UNDECLARED_SELECTOR = YES;
				GCC_WARN_UNINITIALIZED_AUTOS = YES_AGGRESSIVE;
				GCC_WARN_UNUSED_FUNCTION = YES;
				GCC_WARN_UNUSED_VARIABLE = YES;
				IPHONEOS_DEPLOYMENT_TARGET = 15.5;
				MTL_ENABLE_DEBUG_INFO = INCLUDE_SOURCE;
				MTL_FAST_MATH = YES;
				ONLY_ACTIVE_ARCH = YES;
				SDKROOT = iphoneos;
				SWIFT_ACTIVE_COMPILATION_CONDITIONS = DEBUG;
				SWIFT_OPTIMIZATION_LEVEL = "-Onone";
			};
			name = Debug;
		};
		DA564D4B294B194A006CD17C /* Release */ = {
			isa = XCBuildConfiguration;
			buildSettings = {
				ALWAYS_SEARCH_USER_PATHS = NO;
				CLANG_ANALYZER_NONNULL = YES;
				CLANG_ANALYZER_NUMBER_OBJECT_CONVERSION = YES_AGGRESSIVE;
				CLANG_CXX_LANGUAGE_STANDARD = "gnu++17";
				CLANG_ENABLE_MODULES = YES;
				CLANG_ENABLE_OBJC_ARC = YES;
				CLANG_ENABLE_OBJC_WEAK = YES;
				CLANG_WARN_BLOCK_CAPTURE_AUTORELEASING = YES;
				CLANG_WARN_BOOL_CONVERSION = YES;
				CLANG_WARN_COMMA = YES;
				CLANG_WARN_CONSTANT_CONVERSION = YES;
				CLANG_WARN_DEPRECATED_OBJC_IMPLEMENTATIONS = YES;
				CLANG_WARN_DIRECT_OBJC_ISA_USAGE = YES_ERROR;
				CLANG_WARN_DOCUMENTATION_COMMENTS = YES;
				CLANG_WARN_EMPTY_BODY = YES;
				CLANG_WARN_ENUM_CONVERSION = YES;
				CLANG_WARN_INFINITE_RECURSION = YES;
				CLANG_WARN_INT_CONVERSION = YES;
				CLANG_WARN_NON_LITERAL_NULL_CONVERSION = YES;
				CLANG_WARN_OBJC_IMPLICIT_RETAIN_SELF = YES;
				CLANG_WARN_OBJC_LITERAL_CONVERSION = YES;
				CLANG_WARN_OBJC_ROOT_CLASS = YES_ERROR;
				CLANG_WARN_QUOTED_INCLUDE_IN_FRAMEWORK_HEADER = YES;
				CLANG_WARN_RANGE_LOOP_ANALYSIS = YES;
				CLANG_WARN_STRICT_PROTOTYPES = YES;
				CLANG_WARN_SUSPICIOUS_MOVE = YES;
				CLANG_WARN_UNGUARDED_AVAILABILITY = YES_AGGRESSIVE;
				CLANG_WARN_UNREACHABLE_CODE = YES;
				CLANG_WARN__DUPLICATE_METHOD_MATCH = YES;
				COPY_PHASE_STRIP = NO;
				DEBUG_INFORMATION_FORMAT = "dwarf-with-dsym";
				ENABLE_NS_ASSERTIONS = NO;
				ENABLE_STRICT_OBJC_MSGSEND = YES;
				GCC_C_LANGUAGE_STANDARD = gnu11;
				GCC_NO_COMMON_BLOCKS = YES;
				GCC_WARN_64_TO_32_BIT_CONVERSION = YES;
				GCC_WARN_ABOUT_RETURN_TYPE = YES_ERROR;
				GCC_WARN_UNDECLARED_SELECTOR = YES;
				GCC_WARN_UNINITIALIZED_AUTOS = YES_AGGRESSIVE;
				GCC_WARN_UNUSED_FUNCTION = YES;
				GCC_WARN_UNUSED_VARIABLE = YES;
				IPHONEOS_DEPLOYMENT_TARGET = 15.5;
				MTL_ENABLE_DEBUG_INFO = NO;
				MTL_FAST_MATH = YES;
				SDKROOT = iphoneos;
				SWIFT_COMPILATION_MODE = wholemodule;
				SWIFT_OPTIMIZATION_LEVEL = "-O";
				VALIDATE_PRODUCT = YES;
			};
			name = Release;
		};
		DA564D4D294B194A006CD17C /* Debug */ = {
			isa = XCBuildConfiguration;
			buildSettings = {
				ASSETCATALOG_COMPILER_APPICON_NAME = AppIcon;
				ASSETCATALOG_COMPILER_GLOBAL_ACCENT_COLOR_NAME = AccentColor;
				CODE_SIGN_STYLE = Automatic;
				CURRENT_PROJECT_VERSION = 1;
				DEVELOPMENT_TEAM = "";
				GENERATE_INFOPLIST_FILE = YES;
				INFOPLIST_FILE = SwiftBook/App/Info.plist;
				INFOPLIST_KEY_UIApplicationSupportsIndirectInputEvents = YES;
				INFOPLIST_KEY_UILaunchStoryboardName = LaunchScreen;
				INFOPLIST_KEY_UIMainStoryboardFile = ContentShower;
				INFOPLIST_KEY_UISupportedInterfaceOrientations = UIInterfaceOrientationPortrait;
				INFOPLIST_KEY_UISupportedInterfaceOrientations_iPad = "UIInterfaceOrientationLandscapeLeft UIInterfaceOrientationLandscapeRight UIInterfaceOrientationPortrait UIInterfaceOrientationPortraitUpsideDown";
				IPHONEOS_DEPLOYMENT_TARGET = 16.0;
				LD_RUNPATH_SEARCH_PATHS = (
					"$(inherited)",
					"@executable_path/Frameworks",
				);
				MARKETING_VERSION = 1.0.0;
				PRODUCT_BUNDLE_IDENTIFIER = com.iosken.SwiftBook;
				PRODUCT_NAME = "$(TARGET_NAME)";
				SWIFT_EMIT_LOC_STRINGS = YES;
				SWIFT_VERSION = 5.0;
				TARGETED_DEVICE_FAMILY = 1;
			};
			name = Debug;
		};
		DA564D4E294B194A006CD17C /* Release */ = {
			isa = XCBuildConfiguration;
			buildSettings = {
				ASSETCATALOG_COMPILER_APPICON_NAME = AppIcon;
				ASSETCATALOG_COMPILER_GLOBAL_ACCENT_COLOR_NAME = AccentColor;
				CODE_SIGN_STYLE = Automatic;
				CURRENT_PROJECT_VERSION = 1;
				DEVELOPMENT_TEAM = "";
				GENERATE_INFOPLIST_FILE = YES;
				INFOPLIST_FILE = SwiftBook/App/Info.plist;
				INFOPLIST_KEY_UIApplicationSupportsIndirectInputEvents = YES;
				INFOPLIST_KEY_UILaunchStoryboardName = LaunchScreen;
				INFOPLIST_KEY_UIMainStoryboardFile = ContentShower;
				INFOPLIST_KEY_UISupportedInterfaceOrientations = UIInterfaceOrientationPortrait;
				INFOPLIST_KEY_UISupportedInterfaceOrientations_iPad = "UIInterfaceOrientationLandscapeLeft UIInterfaceOrientationLandscapeRight UIInterfaceOrientationPortrait UIInterfaceOrientationPortraitUpsideDown";
				IPHONEOS_DEPLOYMENT_TARGET = 16.0;
				LD_RUNPATH_SEARCH_PATHS = (
					"$(inherited)",
					"@executable_path/Frameworks",
				);
				MARKETING_VERSION = 1.0.0;
				PRODUCT_BUNDLE_IDENTIFIER = com.iosken.SwiftBook;
				PRODUCT_NAME = "$(TARGET_NAME)";
				SWIFT_EMIT_LOC_STRINGS = YES;
				SWIFT_VERSION = 5.0;
				TARGETED_DEVICE_FAMILY = 1;
			};
			name = Release;
		};
/* End XCBuildConfiguration section */

/* Begin XCConfigurationList section */
		DA564D33294B1949006CD17C /* Build configuration list for PBXProject "SwiftBook" */ = {
			isa = XCConfigurationList;
			buildConfigurations = (
				DA564D4A294B194A006CD17C /* Debug */,
				DA564D4B294B194A006CD17C /* Release */,
			);
			defaultConfigurationIsVisible = 0;
			defaultConfigurationName = Release;
		};
		DA564D4C294B194A006CD17C /* Build configuration list for PBXNativeTarget "SwiftBook" */ = {
			isa = XCConfigurationList;
			buildConfigurations = (
				DA564D4D294B194A006CD17C /* Debug */,
				DA564D4E294B194A006CD17C /* Release */,
			);
			defaultConfigurationIsVisible = 0;
			defaultConfigurationName = Release;
		};
/* End XCConfigurationList section */

/* Begin XCRemoteSwiftPackageReference section */
		C338258B2A244FE50022DFBD /* XCRemoteSwiftPackageReference "Alamofire" */ = {
			isa = XCRemoteSwiftPackageReference;
			repositoryURL = "https://github.com/Alamofire/Alamofire.git";
			requirement = {
				kind = upToNextMajorVersion;
				minimumVersion = 5.0.0;
			};
		};
		C33825952A25DF7A0022DFBD /* XCRemoteSwiftPackageReference "SpringAnimation" */ = {
			isa = XCRemoteSwiftPackageReference;
			repositoryURL = "https://github.com/LexDeBash/SpringAnimation.git";
			requirement = {
				kind = upToNextMajorVersion;
				minimumVersion = 0.3.0;
			};
		};
		C338259A2A26EE160022DFBD /* XCRemoteSwiftPackageReference "AlamofireImage" */ = {
			isa = XCRemoteSwiftPackageReference;
			repositoryURL = "https://github.com/Alamofire/AlamofireImage.git";
			requirement = {
				kind = upToNextMajorVersion;
				minimumVersion = 4.0.0;
			};
		};
		C3A321072A2ED52B003EB149 /* XCRemoteSwiftPackageReference "Kingfisher" */ = {
			isa = XCRemoteSwiftPackageReference;
			repositoryURL = "https://github.com/onevcat/Kingfisher.git";
			requirement = {
				kind = upToNextMajorVersion;
				minimumVersion = 7.0.0;
			};
		};
/* End XCRemoteSwiftPackageReference section */

/* Begin XCSwiftPackageProductDependency section */
		C338258C2A244FE50022DFBD /* Alamofire */ = {
			isa = XCSwiftPackageProductDependency;
			package = C338258B2A244FE50022DFBD /* XCRemoteSwiftPackageReference "Alamofire" */;
			productName = Alamofire;
		};
		C33825962A25DF7A0022DFBD /* SpringAnimation */ = {
			isa = XCSwiftPackageProductDependency;
			package = C33825952A25DF7A0022DFBD /* XCRemoteSwiftPackageReference "SpringAnimation" */;
			productName = SpringAnimation;
		};
		C338259B2A26EE160022DFBD /* AlamofireImage */ = {
			isa = XCSwiftPackageProductDependency;
			package = C338259A2A26EE160022DFBD /* XCRemoteSwiftPackageReference "AlamofireImage" */;
			productName = AlamofireImage;
		};
		C3A321082A2ED52B003EB149 /* Kingfisher */ = {
			isa = XCSwiftPackageProductDependency;
			package = C3A321072A2ED52B003EB149 /* XCRemoteSwiftPackageReference "Kingfisher" */;
			productName = Kingfisher;
		};
/* End XCSwiftPackageProductDependency section */
	};
	rootObject = DA564D30294B1949006CD17C /* Project object */;
}
